
Microsoft Visual Studio Solution File, Format Version 12.00
# Visual Studio 15
VisualStudioVersion = 15.0.27130.2027
MinimumVisualStudioVersion = 10.0.40219.1
Project("{FAE04EC0-301F-11D3-BF4B-00C04F79EFBC}") = "dns_resolver", "dns_resolver\dns_resolver.csproj", "{7F2B827F-AE70-4950-A7D3-6CA7DB6A30EB}"
EndProject
Global
	GlobalSection(SolutionConfigurationPlatforms) = preSolution
		Debug|Any CPU = Debug|Any CPU
		Release|Any CPU = Release|Any CPU
	EndGlobalSection
	GlobalSection(ProjectConfigurationPlatforms) = postSolution
		{7F2B827F-AE70-4950-A7D3-6CA7DB6A30EB}.Debug|Any CPU.ActiveCfg = Debug|Any CPU
		{7F2B827F-AE70-4950-A7D3-6CA7DB6A30EB}.Debug|Any CPU.Build.0 = Debug|Any CPU
		{7F2B827F-AE70-4950-A7D3-6CA7DB6A30EB}.Release|Any CPU.ActiveCfg = Release|Any CPU
		{7F2B827F-AE70-4950-A7D3-6CA7DB6A30EB}.Release|Any CPU.Build.0 = Release|Any CPU
	EndGlobalSection
	GlobalSection(SolutionProperties) = preSolution
		HideSolutionNode = FALSE
	EndGlobalSection
	GlobalSection(ExtensibilityGlobals) = postSolution
		SolutionGuid = {2C85C1EF-06CD-4CA7-81B2-9DA992A292FC}
	EndGlobalSection
EndGlobal
